
Microsoft Visual Studio Solution File, Format Version 12.00
# Visual Studio 15
VisualStudioVersion = 15.0.26124.0
MinimumVisualStudioVersion = 15.0.26124.0
Project("{2150E333-8FDC-42A3-9474-1A3956D46DE8}") = "packages", "packages", "{2836DFA1-8D98-4ED9-8B53-C30DEFA76525}"
EndProject
Project("{FAE04EC0-301F-11D3-BF4B-00C04F79EFBC}") = "dump", "packages\Dump\dump.csproj", "{76234E09-D514-4CC1-A67C-3239180C1CD0}"
EndProject
Project("{FAE04EC0-301F-11D3-BF4B-00C04F79EFBC}") = "DumpConsole", "packages\DumpConsole\DumpConsole.csproj", "{0B02793A-7B2F-4115-9D28-2E08E12C621F}"
EndProject
Global
	GlobalSection(SolutionConfigurationPlatforms) = preSolution
		Debug|Any CPU = Debug|Any CPU
		Debug|x64 = Debug|x64
		Debug|x86 = Debug|x86
		Release|Any CPU = Release|Any CPU
		Release|x64 = Release|x64
		Release|x86 = Release|x86
	EndGlobalSection
	GlobalSection(SolutionProperties) = preSolution
		HideSolutionNode = FALSE
	EndGlobalSection
	GlobalSection(ProjectConfigurationPlatforms) = postSolution
		{76234E09-D514-4CC1-A67C-3239180C1CD0}.Debug|Any CPU.ActiveCfg = Debug|Any CPU
		{76234E09-D514-4CC1-A67C-3239180C1CD0}.Debug|Any CPU.Build.0 = Debug|Any CPU
		{76234E09-D514-4CC1-A67C-3239180C1CD0}.Debug|x64.ActiveCfg = Debug|Any CPU
		{76234E09-D514-4CC1-A67C-3239180C1CD0}.Debug|x64.Build.0 = Debug|Any CPU
		{76234E09-D514-4CC1-A67C-3239180C1CD0}.Debug|x86.ActiveCfg = Debug|Any CPU
		{76234E09-D514-4CC1-A67C-3239180C1CD0}.Debug|x86.Build.0 = Debug|Any CPU
		{76234E09-D514-4CC1-A67C-3239180C1CD0}.Release|Any CPU.ActiveCfg = Release|Any CPU
		{76234E09-D514-4CC1-A67C-3239180C1CD0}.Release|Any CPU.Build.0 = Release|Any CPU
		{76234E09-D514-4CC1-A67C-3239180C1CD0}.Release|x64.ActiveCfg = Release|Any CPU
		{76234E09-D514-4CC1-A67C-3239180C1CD0}.Release|x64.Build.0 = Release|Any CPU
		{76234E09-D514-4CC1-A67C-3239180C1CD0}.Release|x86.ActiveCfg = Release|Any CPU
		{76234E09-D514-4CC1-A67C-3239180C1CD0}.Release|x86.Build.0 = Release|Any CPU
		{0B02793A-7B2F-4115-9D28-2E08E12C621F}.Debug|Any CPU.ActiveCfg = Debug|Any CPU
		{0B02793A-7B2F-4115-9D28-2E08E12C621F}.Debug|Any CPU.Build.0 = Debug|Any CPU
		{0B02793A-7B2F-4115-9D28-2E08E12C621F}.Debug|x64.ActiveCfg = Debug|Any CPU
		{0B02793A-7B2F-4115-9D28-2E08E12C621F}.Debug|x64.Build.0 = Debug|Any CPU
		{0B02793A-7B2F-4115-9D28-2E08E12C621F}.Debug|x86.ActiveCfg = Debug|Any CPU
		{0B02793A-7B2F-4115-9D28-2E08E12C621F}.Debug|x86.Build.0 = Debug|Any CPU
		{0B02793A-7B2F-4115-9D28-2E08E12C621F}.Release|Any CPU.ActiveCfg = Release|Any CPU
		{0B02793A-7B2F-4115-9D28-2E08E12C621F}.Release|Any CPU.Build.0 = Release|Any CPU
		{0B02793A-7B2F-4115-9D28-2E08E12C621F}.Release|x64.ActiveCfg = Release|Any CPU
		{0B02793A-7B2F-4115-9D28-2E08E12C621F}.Release|x64.Build.0 = Release|Any CPU
		{0B02793A-7B2F-4115-9D28-2E08E12C621F}.Release|x86.ActiveCfg = Release|Any CPU
		{0B02793A-7B2F-4115-9D28-2E08E12C621F}.Release|x86.Build.0 = Release|Any CPU
	EndGlobalSection
	GlobalSection(NestedProjects) = preSolution
		{76234E09-D514-4CC1-A67C-3239180C1CD0} = {2836DFA1-8D98-4ED9-8B53-C30DEFA76525}
		{0B02793A-7B2F-4115-9D28-2E08E12C621F} = {2836DFA1-8D98-4ED9-8B53-C30DEFA76525}
	EndGlobalSection
EndGlobal
